
Microsoft Visual Studio Solution File, Format Version 12.00
# Visual Studio Version 16
VisualStudioVersion = 16.0.32901.82
MinimumVisualStudioVersion = 10.0.40219.1
Project("{888888A0-9F3D-457C-B088-3A5042F75D52}") = "flaskTest", "flaskTest.pyproj", "{3469AAF9-D85C-47EB-B792-43F41D8914E6}"
EndProject
Global
	GlobalSection(SolutionConfigurationPlatforms) = preSolution
		Debug|Any CPU = Debug|Any CPU
		Release|Any CPU = Release|Any CPU
	EndGlobalSection
	GlobalSection(ProjectConfigurationPlatforms) = postSolution
		{3469AAF9-D85C-47EB-B792-43F41D8914E6}.Debug|Any CPU.ActiveCfg = Debug|Any CPU
		{3469AAF9-D85C-47EB-B792-43F41D8914E6}.Release|Any CPU.ActiveCfg = Release|Any CPU
	EndGlobalSection
	GlobalSection(SolutionProperties) = preSolution
		HideSolutionNode = FALSE
	EndGlobalSection
	GlobalSection(ExtensibilityGlobals) = postSolution
		SolutionGuid = {9F4F7CC4-4919-46D1-934D-CE3951F93466}
	EndGlobalSection
EndGlobal
